
Microsoft Visual Studio Solution File, Format Version 12.00
# Visual Studio Version 16
VisualStudioVersion = 16.0.30011.22
MinimumVisualStudioVersion = 10.0.40219.1
Project("{FAE04EC0-301F-11D3-BF4B-00C04F79EFBC}") = "MinecraftLauncher", "MinecraftLauncher\MinecraftLauncher.csproj", "{985FA416-CD86-439E-9DBC-BC6A85DBBD12}"
EndProject
Global
	GlobalSection(SolutionConfigurationPlatforms) = preSolution
		Debug|Any CPU = Debug|Any CPU
		Release|Any CPU = Release|Any CPU
	EndGlobalSection
	GlobalSection(ProjectConfigurationPlatforms) = postSolution
		{985FA416-CD86-439E-9DBC-BC6A85DBBD12}.Debug|Any CPU.ActiveCfg = Debug|Any CPU
		{985FA416-CD86-439E-9DBC-BC6A85DBBD12}.Debug|Any CPU.Build.0 = Debug|Any CPU
		{985FA416-CD86-439E-9DBC-BC6A85DBBD12}.Release|Any CPU.ActiveCfg = Release|Any CPU
		{985FA416-CD86-439E-9DBC-BC6A85DBBD12}.Release|Any CPU.Build.0 = Release|Any CPU
	EndGlobalSection
	GlobalSection(SolutionProperties) = preSolution
		HideSolutionNode = FALSE
	EndGlobalSection
	GlobalSection(ExtensibilityGlobals) = postSolution
		SolutionGuid = {14C7DE65-2870-4CDC-938F-5AE383D013FF}
	EndGlobalSection
EndGlobal
